// !$*UTF8*$!
{
	archiveVersion = 1;
	classes = {
	};
	objectVersion = 46;
	objects = {

/* Begin PBXBuildFile section */
		1F3726CB1F202AE200976B73 /* main.m in Sources */ = {isa = PBXBuildFile; fileRef = 1F3726CA1F202AE200976B73 /* main.m */; };
		1F3726CE1F202AE200976B73 /* AppDelegate.m in Sources */ = {isa = PBXBuildFile; fileRef = 1F3726CD1F202AE200976B73 /* AppDelegate.m */; };
		1F3726D11F202AE200976B73 /* ViewController.m in Sources */ = {isa = PBXBuildFile; fileRef = 1F3726D01F202AE200976B73 /* ViewController.m */; };
		1F3726D41F202AE200976B73 /* Main.storyboard in Resources */ = {isa = PBXBuildFile; fileRef = 1F3726D21F202AE200976B73 /* Main.storyboard */; };
		1F3726D61F202AE200976B73 /* Assets.xcassets in Resources */ = {isa = PBXBuildFile; fileRef = 1F3726D51F202AE200976B73 /* Assets.xcassets */; };
		1F3726D91F202AE200976B73 /* LaunchScreen.storyboard in Resources */ = {isa = PBXBuildFile; fileRef = 1F3726D71F202AE200976B73 /* LaunchScreen.storyboard */; };
/* End PBXBuildFile section */

/* Begin PBXFileReference section */
		1F3726C61F202AE200976B73 /* fibonacciFinal.app */ = {isa = PBXFileReference; explicitFileType = wrapper.application; includeInIndex = 0; path = fibonacciFinal.app; sourceTree = BUILT_PRODUCTS_DIR; };
		1F3726CA1F202AE200976B73 /* main.m */ = {isa = PBXFileReference; lastKnownFileType = sourcecode.c.objc; path = main.m; sourceTree = "<group>"; };
		1F3726CC1F202AE200976B73 /* AppDelegate.h */ = {isa = PBXFileReference; lastKnownFileType = sourcecode.c.h; path = AppDelegate.h; sourceTree = "<group>"; };
		1F3726CD1F202AE200976B73 /* AppDelegate.m */ = {isa = PBXFileReference; lastKnownFileType = sourcecode.c.objc; path = AppDelegate.m; sourceTree = "<group>"; };
		1F3726CF1F202AE200976B73 /* ViewController.h */ = {isa = PBXFileReference; lastKnownFileType = sourcecode.c.h; path = ViewController.h; sourceTree = "<group>"; };
		1F3726D01F202AE200976B73 /* ViewController.m */ = {isa = PBXFileReference; lastKnownFileType = sourcecode.c.objc; path = ViewController.m; sourceTree = "<group>"; };
		1F3726D31F202AE200976B73 /* Base */ = {isa = PBXFileReference; lastKnownFileType = file.storyboard; name = Base; path = Base.lproj/Main.storyboard; sourceTree = "<group>"; };
		1F3726D51F202AE200976B73 /* Assets.xcassets */ = {isa = PBXFileReference; lastKnownFileType = folder.assetcatalog; path = Assets.xcassets; sourceTree = "<group>"; };
		1F3726D81F202AE200976B73 /* Base */ = {isa = PBXFileReference; lastKnownFileType = file.storyboard; name = Base; path = Base.lproj/LaunchScreen.storyboard; sourceTree = "<group>"; };
		1F3726DA1F202AE200976B73 /* Info.plist */ = {isa = PBXFileReference; lastKnownFileType = text.plist.xml; path = Info.plist; sourceTree = "<group>"; };
/* End PBXFileReference section */

/* Begin PBXFrameworksBuildPhase section */
		1F3726C31F202AE200976B73 /* Frameworks */ = {
			isa = PBXFrameworksBuildPhase;
			buildActionMask = 2147483647;
			files = (
			);
			runOnlyForDeploymentPostprocessing = 0;
		};
/* End PBXFrameworksBuildPhase section */

/* Begin PBXGroup section */
		1F3726BD1F202AE200976B73 = {
			isa = PBXGroup;
			children = (
				1F3726C81F202AE200976B73 /* fibonacciFinal */,
				1F3726C71F202AE200976B73 /* Products */,
			);
			sourceTree = "<group>";
		};
		1F3726C71F202AE200976B73 /* Products */ = {
			isa = PBXGroup;
			children = (
				1F3726C61F202AE200976B73 /* fibonacciFinal.app */,
			);
			name = Products;
			sourceTree = "<group>";
		};
		1F3726C81F202AE200976B73 /* fibonacciFinal */ = {
			isa = PBXGroup;
			children = (
				1F3726CC1F202AE200976B73 /* AppDelegate.h */,
				1F3726CD1F202AE200976B73 /* AppDelegate.m */,
				1F3726CF1F202AE200976B73 /* ViewController.h */,
				1F3726D01F202AE200976B73 /* ViewController.m */,
				1F3726D21F202AE200976B73 /* Main.storyboard */,
				1F3726D51F202AE200976B73 /* Assets.xcassets */,
				1F3726D71F202AE200976B73 /* LaunchScreen.storyboard */,
				1F3726DA1F202AE200976B73 /* Info.plist */,
				1F3726C91F202AE200976B73 /* Supporting Files */,
			);
			path = fibonacciFinal;
			sourceTree = "<group>";
		};
		1F3726C91F202AE200976B73 /* Supporting Files */ = {
			isa = PBXGroup;
			children = (
				1F3726CA1F202AE200976B73 /* main.m */,
			);
			name = "Supporting Files";
			sourceTree = "<group>";
		};
/* End PBXGroup section */

/* Begin PBXNativeTarget section */
		1F3726C51F202AE200976B73 /* fibonacciFinal */ = {
			isa = PBXNativeTarget;
			buildConfigurationList = 1F3726DD1F202AE200976B73 /* Build configuration list for PBXNativeTarget "fibonacciFinal" */;
			buildPhases = (
				1F3726C21F202AE200976B73 /* Sources */,
				1F3726C31F202AE200976B73 /* Frameworks */,
				1F3726C41F202AE200976B73 /* Resources */,
			);
			buildRules = (
			);
			dependencies = (
			);
			name = fibonacciFinal;
			productName = fibonacciFinal;
			productReference = 1F3726C61F202AE200976B73 /* fibonacciFinal.app */;
			productType = "com.apple.product-type.application";
		};
/* End PBXNativeTarget section */

/* Begin PBXProject section */
		1F3726BE1F202AE200976B73 /* Project object */ = {
			isa = PBXProject;
			attributes = {
				LastUpgradeCheck = 0830;
				ORGANIZATIONNAME = xyz;
				TargetAttributes = {
					1F3726C51F202AE200976B73 = {
						CreatedOnToolsVersion = 8.3.3;
						DevelopmentTeam = Q4GR6UWD3P;
						ProvisioningStyle = Automatic;
					};
				};
			};
			buildConfigurationList = 1F3726C11F202AE200976B73 /* Build configuration list for PBXProject "fibonacciFinal" */;
			compatibilityVersion = "Xcode 3.2";
			developmentRegion = English;
			hasScannedForEncodings = 0;
			knownRegions = (
				en,
				Base,
			);
			mainGroup = 1F3726BD1F202AE200976B73;
			productRefGroup = 1F3726C71F202AE200976B73 /* Products */;
			projectDirPath = "";
			projectRoot = "";
			targets = (
				1F3726C51F202AE200976B73 /* fibonacciFinal */,
			);
		};
/* End PBXProject section */

/* Begin PBXResourcesBuildPhase section */
		1F3726C41F202AE200976B73 /* Resources */ = {
			isa = PBXResourcesBuildPhase;
			buildActionMask = 2147483647;
			files = (
				1F3726D91F202AE200976B73 /* LaunchScreen.storyboard in Resources */,
				1F3726D61F202AE200976B73 /* Assets.xcassets in Resources */,
				1F3726D41F202AE200976B73 /* Main.storyboard in Resources */,
			);
			runOnlyForDeploymentPostprocessing = 0;
		};
/* End PBXResourcesBuildPhase section */

/* Begin PBXSourcesBuildPhase section */
		1F3726C21F202AE200976B73 /* Sources */ = {
			isa = PBXSourcesBuildPhase;
			buildActionMask = 2147483647;
			files = (
				1F3726D11F202AE200976B73 /* ViewController.m in Sources */,
				1F3726CE1F202AE200976B73 /* AppDelegate.m in Sources */,
				1F3726CB1F202AE200976B73 /* main.m in Sources */,
			);
			runOnlyForDeploymentPostprocessing = 0;
		};
/* End PBXSourcesBuildPhase section */

/* Begin PBXVariantGroup section */
		1F3726D21F202AE200976B73 /* Main.storyboard */ = {
			isa = PBXVariantGroup;
			children = (
				1F3726D31F202AE200976B73 /* Base */,
			);
			name = Main.storyboard;
			sourceTree = "<group>";
		};
		1F3726D71F202AE200976B73 /* LaunchScreen.storyboard */ = {
			isa = PBXVariantGroup;
			children = (
				1F3726D81F202AE200976B73 /* Base */,
			);
			name = LaunchScreen.storyboard;
			sourceTree = "<group>";
		};
/* End PBXVariantGroup section */

/* Begin XCBuildConfiguration section */
		1F3726DB1F202AE200976B73 /* Debug */ = {
			isa = XCBuildConfiguration;
			buildSettings = {
				ALWAYS_SEARCH_USER_PATHS = NO;
				CLANG_ANALYZER_NONNULL = YES;
				CLANG_ANALYZER_NUMBER_OBJECT_CONVERSION = YES_AGGRESSIVE;
				CLANG_CXX_LANGUAGE_STANDARD = "gnu++0x";
				CLANG_CXX_LIBRARY = "libc++";
				CLANG_ENABLE_MODULES = YES;
				CLANG_ENABLE_OBJC_ARC = YES;
				CLANG_WARN_BOOL_CONVERSION = YES;
				CLANG_WARN_CONSTANT_CONVERSION = YES;
				CLANG_WARN_DIRECT_OBJC_ISA_USAGE = YES_ERROR;
				CLANG_WARN_DOCUMENTATION_COMMENTS = YES;
				CLANG_WARN_EMPTY_BODY = YES;
				CLANG_WARN_ENUM_CONVERSION = YES;
				CLANG_WARN_INFINITE_RECURSION = YES;
				CLANG_WARN_INT_CONVERSION = YES;
				CLANG_WARN_OBJC_ROOT_CLASS = YES_ERROR;
				CLANG_WARN_SUSPICIOUS_MOVE = YES;
				CLANG_WARN_UNREACHABLE_CODE = YES;
				CLANG_WARN__DUPLICATE_METHOD_MATCH = YES;
				"CODE_SIGN_IDENTITY[sdk=iphoneos*]" = "iPhone Developer";
				COPY_PHASE_STRIP = NO;
				DEBUG_INFORMATION_FORMAT = dwarf;
				ENABLE_STRICT_OBJC_MSGSEND = YES;
				ENABLE_TESTABILITY = YES;
				GCC_C_LANGUAGE_STANDARD = gnu99;
				GCC_DYNAMIC_NO_PIC = NO;
				GCC_NO_COMMON_BLOCKS = YES;
				GCC_OPTIMIZATION_LEVEL = 0;
				GCC_PREPROCESSOR_DEFINITIONS = (
					"DEBUG=1",
					"$(inherited)",
				);
				GCC_WARN_64_TO_32_BIT_CONVERSION = YES;
				GCC_WARN_ABOUT_RETURN_TYPE = YES_ERROR;
				GCC_WARN_UNDECLARED_SELECTOR = YES;
				GCC_WARN_UNINITIALIZED_AUTOS = YES_AGGRESSIVE;
				GCC_WARN_UNUSED_FUNCTION = YES;
				GCC_WARN_UNUSED_VARIABLE = YES;
				IPHONEOS_DEPLOYMENT_TARGET = 10.3;
				MTL_ENABLE_DEBUG_INFO = YES;
				ONLY_ACTIVE_ARCH = YES;
				SDKROOT = iphoneos;
			};
			name = Debug;
		};
		1F3726DC1F202AE200976B73 /* Release */ = {
			isa = XCBuildConfiguration;
			buildSettings = {
				ALWAYS_SEARCH_USER_PATHS = NO;
				CLANG_ANALYZER_NONNULL = YES;
				CLANG_ANALYZER_NUMBER_OBJECT_CONVERSION = YES_AGGRESSIVE;
				CLANG_CXX_LANGUAGE_STANDARD = "gnu++0x";
				CLANG_CXX_LIBRARY = "libc++";
				CLANG_ENABLE_MODULES = YES;
				CLANG_ENABLE_OBJC_ARC = YES;
				CLANG_WARN_BOOL_CONVERSION = YES;
				CLANG_WARN_CONSTANT_CONVERSION = YES;
				CLANG_WARN_DIRECT_OBJC_ISA_USAGE = YES_ERROR;
				CLANG_WARN_DOCUMENTATION_COMMENTS = YES;
				CLANG_WARN_EMPTY_BODY = YES;
				CLANG_WARN_ENUM_CONVERSION = YES;
				CLANG_WARN_INFINITE_RECURSION = YES;
				CLANG_WARN_INT_CONVERSION = YES;
				CLANG_WARN_OBJC_ROOT_CLASS = YES_ERROR;
				CLANG_WARN_SUSPICIOUS_MOVE = YES;
				CLANG_WARN_UNREACHABLE_CODE = YES;
				CLANG_WARN__DUPLICATE_METHOD_MATCH = YES;
				"CODE_SIGN_IDENTITY[sdk=iphoneos*]" = "iPhone Developer";
				COPY_PHASE_STRIP = NO;
				DEBUG_INFORMATION_FORMAT = "dwarf-with-dsym";
				ENABLE_NS_ASSERTIONS = NO;
				ENABLE_STRICT_OBJC_MSGSEND = YES;
				GCC_C_LANGUAGE_STANDARD = gnu99;
				GCC_NO_COMMON_BLOCKS = YES;
				GCC_WARN_64_TO_32_BIT_CONVERSION = YES;
				GCC_WARN_ABOUT_RETURN_TYPE = YES_ERROR;
				GCC_WARN_UNDECLARED_SELECTOR = YES;
				GCC_WARN_UNINITIALIZED_AUTOS = YES_AGGRESSIVE;
				GCC_WARN_UNUSED_FUNCTION = YES;
				GCC_WARN_UNUSED_VARIABLE = YES;
				IPHONEOS_DEPLOYMENT_TARGET = 10.3;
				MTL_ENABLE_DEBUG_INFO = NO;
				SDKROOT = iphoneos;
				VALIDATE_PRODUCT = YES;
			};
			name = Release;
		};
		1F3726DE1F202AE200976B73 /* Debug */ = {
			isa = XCBuildConfiguration;
			buildSettings = {
				ASSETCATALOG_COMPILER_APPICON_NAME = AppIcon;
				DEVELOPMENT_TEAM = Q4GR6UWD3P;
				INFOPLIST_FILE = fibonacciFinal/Info.plist;
				LD_RUNPATH_SEARCH_PATHS = "$(inherited) @executable_path/Frameworks";
				PRODUCT_BUNDLE_IDENTIFIER = christhiansalas.fibonacciFinal;
				PRODUCT_NAME = "$(TARGET_NAME)";
			};
			name = Debug;
		};
		1F3726DF1F202AE200976B73 /* Release */ = {
			isa = XCBuildConfiguration;
			buildSettings = {
				ASSETCATALOG_COMPILER_APPICON_NAME = AppIcon;
				DEVELOPMENT_TEAM = Q4GR6UWD3P;
				INFOPLIST_FILE = fibonacciFinal/Info.plist;
				LD_RUNPATH_SEARCH_PATHS = "$(inherited) @executable_path/Frameworks";
				PRODUCT_BUNDLE_IDENTIFIER = christhiansalas.fibonacciFinal;
				PRODUCT_NAME = "$(TARGET_NAME)";
			};
			name = Release;
		};
/* End XCBuildConfiguration section */

/* Begin XCConfigurationList section */
		1F3726C11F202AE200976B73 /* Build configuration list for PBXProject "fibonacciFinal" */ = {
			isa = XCConfigurationList;
			buildConfigurations = (
				1F3726DB1F202AE200976B73 /* Debug */,
				1F3726DC1F202AE200976B73 /* Release */,
			);
			defaultConfigurationIsVisible = 0;
			defaultConfigurationName = Release;
		};
		1F3726DD1F202AE200976B73 /* Build configuration list for PBXNativeTarget "fibonacciFinal" */ = {
			isa = XCConfigurationList;
			buildConfigurations = (
				1F3726DE1F202AE200976B73 /* Debug */,
				1F3726DF1F202AE200976B73 /* Release */,
			);
			defaultConfigurationIsVisible = 0;
		};
/* End XCConfigurationList section */
	};
	rootObject = 1F3726BE1F202AE200976B73 /* Project object */;
}
